{
  "name": "range-project",
  "version": "1.0.0",
  "lockfileVersion": 1,
  "requires": true,
  "dependencies": {
    "isomorphic-unfetch": {
      "version": "2.1.0",
      "resolved": "https://registry.npmjs.org/isomorphic-unfetch/-/isomorphic-unfetch-2.1.0.tgz",
      "integrity": "sha512-BKR8tzwBtgZpsBu5oaENPEFGZ50rz3lX7YLWIEGpm2u63C8G+ik5jrEPh6gJDYqdwPRUwzXpCkC98gKpYKUVLQ==",
      "requires": {
        "node-fetch": "^2.1.2",
        "unfetch": "^3.1.0"
      }
    },
    "node-fetch": {
      "version": "2.1.2",
      "resolved": "https://registry.npmjs.org/node-fetch/-/node-fetch-2.1.2.tgz",
      "integrity": "sha1-q4hOjn5X44qUR1POxwb3iNF2i7U="
    },
    "unfetch": {
      "version": "3.1.0",
      "resolved": "https://registry.npmjs.org/unfetch/-/unfetch-3.1.0.tgz",
      "integrity": "sha512-or2gVQlT21+sg/P06ntyQfbumQmRfgVSAH4V4Mhtu4VuNQ7zo+zT2wdZS7GZsL4Vb/mI7jfCt9SGHuhyb3tyCw=="
    }
  }
}
